
Microsoft Visual Studio Solution File, Format Version 12.00
# Visual Studio 15
VisualStudioVersion = 15.0.27130.2010
MinimumVisualStudioVersion = 10.0.40219.1
Project("{FAE04EC0-301F-11D3-BF4B-00C04F79EFBC}") = "IoC", "IoC\IoC.csproj", "{D9711AA1-E45E-4D38-8B5B-4682EBA2DF40}"
EndProject
Global
	GlobalSection(SolutionConfigurationPlatforms) = preSolution
		Debug|Any CPU = Debug|Any CPU
		Release|Any CPU = Release|Any CPU
	EndGlobalSection
	GlobalSection(ProjectConfigurationPlatforms) = postSolution
		{D9711AA1-E45E-4D38-8B5B-4682EBA2DF40}.Debug|Any CPU.ActiveCfg = Debug|Any CPU
		{D9711AA1-E45E-4D38-8B5B-4682EBA2DF40}.Debug|Any CPU.Build.0 = Debug|Any CPU
		{D9711AA1-E45E-4D38-8B5B-4682EBA2DF40}.Release|Any CPU.ActiveCfg = Release|Any CPU
		{D9711AA1-E45E-4D38-8B5B-4682EBA2DF40}.Release|Any CPU.Build.0 = Release|Any CPU
	EndGlobalSection
	GlobalSection(SolutionProperties) = preSolution
		HideSolutionNode = FALSE
	EndGlobalSection
	GlobalSection(ExtensibilityGlobals) = postSolution
		SolutionGuid = {9F64F1BD-3B5D-400E-B169-7CED693FE8C1}
	EndGlobalSection
EndGlobal
